
Microsoft Visual Studio Solution File, Format Version 12.00
# Visual Studio Version 17
VisualStudioVersion = 17.0.32126.317
MinimumVisualStudioVersion = 10.0.40219.1
Project("{9A19103F-16F7-4668-BE54-9A1E7A4F7556}") = "WebAdmin", "WebAdmin\WebAdmin.csproj", "{DEC666F7-5000-4A69-8F9D-4C4F40CC0DDD}"
EndProject
Project("{9A19103F-16F7-4668-BE54-9A1E7A4F7556}") = "WebAdmin.Shared", "WebAdmin.Shared\WebAdmin.Shared.csproj", "{9FADEEDA-048A-41BA-A437-CD233C6789C5}"
EndProject
Project("{9A19103F-16F7-4668-BE54-9A1E7A4F7556}") = "WebAdmin.Client.Services", "WebAdmin.Client.Services\WebAdmin.Client.Services.csproj", "{759BC5AF-CD90-4B54-9C3A-2BC4A7792F4F}"
EndProject
Global
	GlobalSection(SolutionConfigurationPlatforms) = preSolution
		Debug|Any CPU = Debug|Any CPU
		Release|Any CPU = Release|Any CPU
	EndGlobalSection
	GlobalSection(ProjectConfigurationPlatforms) = postSolution
		{DEC666F7-5000-4A69-8F9D-4C4F40CC0DDD}.Debug|Any CPU.ActiveCfg = Debug|Any CPU
		{DEC666F7-5000-4A69-8F9D-4C4F40CC0DDD}.Debug|Any CPU.Build.0 = Debug|Any CPU
		{DEC666F7-5000-4A69-8F9D-4C4F40CC0DDD}.Release|Any CPU.ActiveCfg = Release|Any CPU
		{DEC666F7-5000-4A69-8F9D-4C4F40CC0DDD}.Release|Any CPU.Build.0 = Release|Any CPU
		{9FADEEDA-048A-41BA-A437-CD233C6789C5}.Debug|Any CPU.ActiveCfg = Debug|Any CPU
		{9FADEEDA-048A-41BA-A437-CD233C6789C5}.Debug|Any CPU.Build.0 = Debug|Any CPU
		{9FADEEDA-048A-41BA-A437-CD233C6789C5}.Release|Any CPU.ActiveCfg = Release|Any CPU
		{9FADEEDA-048A-41BA-A437-CD233C6789C5}.Release|Any CPU.Build.0 = Release|Any CPU
		{759BC5AF-CD90-4B54-9C3A-2BC4A7792F4F}.Debug|Any CPU.ActiveCfg = Debug|Any CPU
		{759BC5AF-CD90-4B54-9C3A-2BC4A7792F4F}.Debug|Any CPU.Build.0 = Debug|Any CPU
		{759BC5AF-CD90-4B54-9C3A-2BC4A7792F4F}.Release|Any CPU.ActiveCfg = Release|Any CPU
		{759BC5AF-CD90-4B54-9C3A-2BC4A7792F4F}.Release|Any CPU.Build.0 = Release|Any CPU
	EndGlobalSection
	GlobalSection(SolutionProperties) = preSolution
		HideSolutionNode = FALSE
	EndGlobalSection
	GlobalSection(ExtensibilityGlobals) = postSolution
		SolutionGuid = {9BA98952-BEDF-4252-8AEC-1F1D2FA9D704}
	EndGlobalSection
EndGlobal
